
Microsoft Visual Studio Solution File, Format Version 12.00
# Visual Studio Version 17
VisualStudioVersion = 17.4.33110.190
MinimumVisualStudioVersion = 10.0.40219.1
Project("{FAE04EC0-301F-11D3-BF4B-00C04F79EFBC}") = "Test", "Test\Test.csproj", "{FC6D56E0-0622-43AE-BDFE-BB917453DE97}"
EndProject
Global
	GlobalSection(SolutionConfigurationPlatforms) = preSolution
		Debug|Any CPU = Debug|Any CPU
		Release|Any CPU = Release|Any CPU
	EndGlobalSection
	GlobalSection(ProjectConfigurationPlatforms) = postSolution
		{FC6D56E0-0622-43AE-BDFE-BB917453DE97}.Debug|Any CPU.ActiveCfg = Debug|Any CPU
		{FC6D56E0-0622-43AE-BDFE-BB917453DE97}.Debug|Any CPU.Build.0 = Debug|Any CPU
		{FC6D56E0-0622-43AE-BDFE-BB917453DE97}.Release|Any CPU.ActiveCfg = Release|Any CPU
		{FC6D56E0-0622-43AE-BDFE-BB917453DE97}.Release|Any CPU.Build.0 = Release|Any CPU
	EndGlobalSection
	GlobalSection(SolutionProperties) = preSolution
		HideSolutionNode = FALSE
	EndGlobalSection
	GlobalSection(ExtensibilityGlobals) = postSolution
		SolutionGuid = {BC1A99A5-02FF-40E2-9837-94C1708BE607}
	EndGlobalSection
EndGlobal
