
Microsoft Visual Studio Solution File, Format Version 12.00
# Visual Studio Version 17
VisualStudioVersion = 17.4.33110.190
MinimumVisualStudioVersion = 10.0.40219.1
Project("{9A19103F-16F7-4668-BE54-9A1E7A4F7556}") = "CarPooling", "CarPooling\CarPooling.csproj", "{CC21F294-79BD-49D3-8899-05B0E2A28FCE}"
EndProject
Project("{9A19103F-16F7-4668-BE54-9A1E7A4F7556}") = "Data", "Data\Data.csproj", "{DE5996C1-57D2-4FB5-858A-2F0A5AD27492}"
EndProject
Project("{9A19103F-16F7-4668-BE54-9A1E7A4F7556}") = "Models", "Models\Models.csproj", "{A75318C5-23E5-4CC7-A3DB-2447437D28FC}"
EndProject
Project("{9A19103F-16F7-4668-BE54-9A1E7A4F7556}") = "Services", "Services\Services.csproj", "{7F2B7B17-9B5E-49C5-8D94-1E7DAFD06984}"
EndProject
Project("{9A19103F-16F7-4668-BE54-9A1E7A4F7556}") = "Interfaces", "Interfaces\Interfaces.csproj", "{076950CB-53BA-4B96-8903-1B1B4871EE2C}"
	ProjectSection(ProjectDependencies) = postProject
		{45F94093-D0E9-44B8-B551-B85949ED50BD} = {45F94093-D0E9-44B8-B551-B85949ED50BD}
		{ED64A593-925B-4C35-B8DB-81A3EC87ECFA} = {ED64A593-925B-4C35-B8DB-81A3EC87ECFA}
	EndProjectSection
EndProject
Project("{9A19103F-16F7-4668-BE54-9A1E7A4F7556}") = "RequestDTOs", "RequestDTOs\RequestDTOs.csproj", "{ED64A593-925B-4C35-B8DB-81A3EC87ECFA}"
EndProject
Project("{9A19103F-16F7-4668-BE54-9A1E7A4F7556}") = "ResponseDTOs", "ResponseDTOs\ResponseDTOs.csproj", "{45F94093-D0E9-44B8-B551-B85949ED50BD}"
EndProject
Project("{9A19103F-16F7-4668-BE54-9A1E7A4F7556}") = "Controllers", "Controllers\Controllers.csproj", "{E57D8036-AC89-4EF4-BECB-9F67546D8B2F}"
EndProject
Project("{9A19103F-16F7-4668-BE54-9A1E7A4F7556}") = "Repositories", "Repositories\Repositories.csproj", "{7D518141-8286-43EC-B66C-5F176DEED806}"
EndProject
Global
	GlobalSection(SolutionConfigurationPlatforms) = preSolution
		Debug|Any CPU = Debug|Any CPU
		Release|Any CPU = Release|Any CPU
	EndGlobalSection
	GlobalSection(ProjectConfigurationPlatforms) = postSolution
		{CC21F294-79BD-49D3-8899-05B0E2A28FCE}.Debug|Any CPU.ActiveCfg = Debug|Any CPU
		{CC21F294-79BD-49D3-8899-05B0E2A28FCE}.Debug|Any CPU.Build.0 = Debug|Any CPU
		{CC21F294-79BD-49D3-8899-05B0E2A28FCE}.Release|Any CPU.ActiveCfg = Release|Any CPU
		{CC21F294-79BD-49D3-8899-05B0E2A28FCE}.Release|Any CPU.Build.0 = Release|Any CPU
		{DE5996C1-57D2-4FB5-858A-2F0A5AD27492}.Debug|Any CPU.ActiveCfg = Debug|Any CPU
		{DE5996C1-57D2-4FB5-858A-2F0A5AD27492}.Debug|Any CPU.Build.0 = Debug|Any CPU
		{DE5996C1-57D2-4FB5-858A-2F0A5AD27492}.Release|Any CPU.ActiveCfg = Release|Any CPU
		{DE5996C1-57D2-4FB5-858A-2F0A5AD27492}.Release|Any CPU.Build.0 = Release|Any CPU
		{A75318C5-23E5-4CC7-A3DB-2447437D28FC}.Debug|Any CPU.ActiveCfg = Debug|Any CPU
		{A75318C5-23E5-4CC7-A3DB-2447437D28FC}.Debug|Any CPU.Build.0 = Debug|Any CPU
		{A75318C5-23E5-4CC7-A3DB-2447437D28FC}.Release|Any CPU.ActiveCfg = Release|Any CPU
		{A75318C5-23E5-4CC7-A3DB-2447437D28FC}.Release|Any CPU.Build.0 = Release|Any CPU
		{7F2B7B17-9B5E-49C5-8D94-1E7DAFD06984}.Debug|Any CPU.ActiveCfg = Debug|Any CPU
		{7F2B7B17-9B5E-49C5-8D94-1E7DAFD06984}.Debug|Any CPU.Build.0 = Debug|Any CPU
		{7F2B7B17-9B5E-49C5-8D94-1E7DAFD06984}.Release|Any CPU.ActiveCfg = Release|Any CPU
		{7F2B7B17-9B5E-49C5-8D94-1E7DAFD06984}.Release|Any CPU.Build.0 = Release|Any CPU
		{076950CB-53BA-4B96-8903-1B1B4871EE2C}.Debug|Any CPU.ActiveCfg = Debug|Any CPU
		{076950CB-53BA-4B96-8903-1B1B4871EE2C}.Debug|Any CPU.Build.0 = Debug|Any CPU
		{076950CB-53BA-4B96-8903-1B1B4871EE2C}.Release|Any CPU.ActiveCfg = Release|Any CPU
		{076950CB-53BA-4B96-8903-1B1B4871EE2C}.Release|Any CPU.Build.0 = Release|Any CPU
		{ED64A593-925B-4C35-B8DB-81A3EC87ECFA}.Debug|Any CPU.ActiveCfg = Debug|Any CPU
		{ED64A593-925B-4C35-B8DB-81A3EC87ECFA}.Debug|Any CPU.Build.0 = Debug|Any CPU
		{ED64A593-925B-4C35-B8DB-81A3EC87ECFA}.Release|Any CPU.ActiveCfg = Release|Any CPU
		{ED64A593-925B-4C35-B8DB-81A3EC87ECFA}.Release|Any CPU.Build.0 = Release|Any CPU
		{45F94093-D0E9-44B8-B551-B85949ED50BD}.Debug|Any CPU.ActiveCfg = Debug|Any CPU
		{45F94093-D0E9-44B8-B551-B85949ED50BD}.Debug|Any CPU.Build.0 = Debug|Any CPU
		{45F94093-D0E9-44B8-B551-B85949ED50BD}.Release|Any CPU.ActiveCfg = Release|Any CPU
		{45F94093-D0E9-44B8-B551-B85949ED50BD}.Release|Any CPU.Build.0 = Release|Any CPU
		{E57D8036-AC89-4EF4-BECB-9F67546D8B2F}.Debug|Any CPU.ActiveCfg = Debug|Any CPU
		{E57D8036-AC89-4EF4-BECB-9F67546D8B2F}.Debug|Any CPU.Build.0 = Debug|Any CPU
		{E57D8036-AC89-4EF4-BECB-9F67546D8B2F}.Release|Any CPU.ActiveCfg = Release|Any CPU
		{E57D8036-AC89-4EF4-BECB-9F67546D8B2F}.Release|Any CPU.Build.0 = Release|Any CPU
		{7D518141-8286-43EC-B66C-5F176DEED806}.Debug|Any CPU.ActiveCfg = Debug|Any CPU
		{7D518141-8286-43EC-B66C-5F176DEED806}.Debug|Any CPU.Build.0 = Debug|Any CPU
		{7D518141-8286-43EC-B66C-5F176DEED806}.Release|Any CPU.ActiveCfg = Release|Any CPU
		{7D518141-8286-43EC-B66C-5F176DEED806}.Release|Any CPU.Build.0 = Release|Any CPU
	EndGlobalSection
	GlobalSection(SolutionProperties) = preSolution
		HideSolutionNode = FALSE
	EndGlobalSection
	GlobalSection(ExtensibilityGlobals) = postSolution
		SolutionGuid = {53FBC259-A586-46E7-B576-8BA96DC847B4}
	EndGlobalSection
EndGlobal
