
Microsoft Visual Studio Solution File, Format Version 12.00
# Visual Studio Version 17
VisualStudioVersion = 17.4.33110.190
MinimumVisualStudioVersion = 10.0.40219.1
Project("{9A19103F-16F7-4668-BE54-9A1E7A4F7556}") = "CarPooling.API", "CarPooling\CarPooling.API.csproj", "{CC21F294-79BD-49D3-8899-05B0E2A28FCE}"
EndProject
Project("{9A19103F-16F7-4668-BE54-9A1E7A4F7556}") = "Carpooling.Data", "Data\Carpooling.Data.csproj", "{DE5996C1-57D2-4FB5-858A-2F0A5AD27492}"
EndProject
Project("{9A19103F-16F7-4668-BE54-9A1E7A4F7556}") = "Carpooling.Services", "Services\Carpooling.Services.csproj", "{7F2B7B17-9B5E-49C5-8D94-1E7DAFD06984}"
EndProject
Project("{FAE04EC0-301F-11D3-BF4B-00C04F79EFBC}") = "Carpooling.DomainModels", "DomainModels\Carpooling.DomainModels.csproj", "{1923FFE3-2F7E-4919-9718-BD525A824992}"
EndProject
Global
	GlobalSection(SolutionConfigurationPlatforms) = preSolution
		Debug|Any CPU = Debug|Any CPU
		Release|Any CPU = Release|Any CPU
	EndGlobalSection
	GlobalSection(ProjectConfigurationPlatforms) = postSolution
		{CC21F294-79BD-49D3-8899-05B0E2A28FCE}.Debug|Any CPU.ActiveCfg = Debug|Any CPU
		{CC21F294-79BD-49D3-8899-05B0E2A28FCE}.Debug|Any CPU.Build.0 = Debug|Any CPU
		{CC21F294-79BD-49D3-8899-05B0E2A28FCE}.Release|Any CPU.ActiveCfg = Release|Any CPU
		{CC21F294-79BD-49D3-8899-05B0E2A28FCE}.Release|Any CPU.Build.0 = Release|Any CPU
		{DE5996C1-57D2-4FB5-858A-2F0A5AD27492}.Debug|Any CPU.ActiveCfg = Debug|Any CPU
		{DE5996C1-57D2-4FB5-858A-2F0A5AD27492}.Debug|Any CPU.Build.0 = Debug|Any CPU
		{DE5996C1-57D2-4FB5-858A-2F0A5AD27492}.Release|Any CPU.ActiveCfg = Release|Any CPU
		{DE5996C1-57D2-4FB5-858A-2F0A5AD27492}.Release|Any CPU.Build.0 = Release|Any CPU
		{7F2B7B17-9B5E-49C5-8D94-1E7DAFD06984}.Debug|Any CPU.ActiveCfg = Debug|Any CPU
		{7F2B7B17-9B5E-49C5-8D94-1E7DAFD06984}.Debug|Any CPU.Build.0 = Debug|Any CPU
		{7F2B7B17-9B5E-49C5-8D94-1E7DAFD06984}.Release|Any CPU.ActiveCfg = Release|Any CPU
		{7F2B7B17-9B5E-49C5-8D94-1E7DAFD06984}.Release|Any CPU.Build.0 = Release|Any CPU
		{1923FFE3-2F7E-4919-9718-BD525A824992}.Debug|Any CPU.ActiveCfg = Debug|Any CPU
		{1923FFE3-2F7E-4919-9718-BD525A824992}.Debug|Any CPU.Build.0 = Debug|Any CPU
		{1923FFE3-2F7E-4919-9718-BD525A824992}.Release|Any CPU.ActiveCfg = Release|Any CPU
		{1923FFE3-2F7E-4919-9718-BD525A824992}.Release|Any CPU.Build.0 = Release|Any CPU
	EndGlobalSection
	GlobalSection(SolutionProperties) = preSolution
		HideSolutionNode = FALSE
	EndGlobalSection
	GlobalSection(ExtensibilityGlobals) = postSolution
		SolutionGuid = {53FBC259-A586-46E7-B576-8BA96DC847B4}
	EndGlobalSection
EndGlobal
